# THIS IS AN AUTOGENERATED FILE. DO NOT EDIT THIS FILE DIRECTLY.
# yarn lockfile v1


egoroof-blowfish@^2.2.0:
  version "2.2.0"
  resolved "https://registry.yarnpkg.com/egoroof-blowfish/-/egoroof-blowfish-2.2.0.tgz#e76ab4ef7689bfef0df613acb5691ec43cd0ac1a"
  integrity sha512-DtHpdB3+LtT024TTLf9T/m5/Y3+TR952TLRtlJMHzBe2pYKx1YEqLKlFvNQrNf4NaNUWD7N91Aibz9RuKqkMVw==
